
Microsoft Visual Studio Solution File, Format Version 12.00
# Visual Studio Version 16
VisualStudioVersion = 16.0.30028.174
MinimumVisualStudioVersion = 10.0.40219.1
Project("{9A19103F-16F7-4668-BE54-9A1E7A4F7556}") = "sonicheroes.utils.unlimitedobjectdrawdistance", "sonicheroes.utils.unlimitedobjectdrawdistance.csproj", "{51BD5862-EECB-4544-9538-706B6FAF0A4B}"
EndProject
Global
	GlobalSection(SolutionConfigurationPlatforms) = preSolution
		Debug|Any CPU = Debug|Any CPU
		Release|Any CPU = Release|Any CPU
	EndGlobalSection
	GlobalSection(ProjectConfigurationPlatforms) = postSolution
		{51BD5862-EECB-4544-9538-706B6FAF0A4B}.Debug|Any CPU.ActiveCfg = Debug|Any CPU
		{51BD5862-EECB-4544-9538-706B6FAF0A4B}.Debug|Any CPU.Build.0 = Debug|Any CPU
		{51BD5862-EECB-4544-9538-706B6FAF0A4B}.Release|Any CPU.ActiveCfg = Release|Any CPU
		{51BD5862-EECB-4544-9538-706B6FAF0A4B}.Release|Any CPU.Build.0 = Release|Any CPU
	EndGlobalSection
	GlobalSection(SolutionProperties) = preSolution
		HideSolutionNode = FALSE
	EndGlobalSection
	GlobalSection(ExtensibilityGlobals) = postSolution
		SolutionGuid = {64D2974A-FCA7-4156-9B5D-B11EE10E4269}
	EndGlobalSection
EndGlobal
